<?xml version="1.0" encoding="utf-8"?>
<Project ToolsVersion="4.0" xmlns="http://schemas.microsoft.com/developer/msbuild/2003">
  <ItemGroup>
    <ClCompile Include="main.cpp" />
    <ClCompile Include="stdafx.cpp" />
    <ClCompile Include="RenderExample\001_Triangle.cpp">
      <Filter>RenderExample</Filter>
    </ClCompile>
    <ClCompile Include="RenderExample\002_DynamicBuffer.cpp">
      <Filter>RenderExample</Filter>
    </ClCompile>
    <ClCompile Include="RenderExample\003_BufferMapping.cpp">
      <Filter>RenderExample</Filter>
    </ClCompile>
    <ClCompile Include="RenderExample\004_Quad.cpp">
      <Filter>RenderExample</Filter>
    </ClCompile>
    <ClCompile Include="RenderExample\005_BasicTexture.cpp">
      <Filter>RenderExample</Filter>
    </ClCompile>
    <ClCompile Include="RenderExample\007_LightMaps.cpp">
      <Filter>RenderExample\old</Filter>
    </ClCompile>
    <ClCompile Include="RenderExample\008_AlphaMapping.cpp">
      <Filter>RenderExample\old</Filter>
    </ClCompile>
    <ClCompile Include="RenderExample\009_DiffuseLighting.cpp">
      <Filter>RenderExample\old</Filter>
    </ClCompile>
    <ClCompile Include="RenderExample\010_AmbientLighting.cpp">
      <Filter>RenderExample\old</Filter>
    </ClCompile>
    <ClCompile Include="RenderExample\011_SpecularLighting.cpp">
      <Filter>RenderExample\old</Filter>
    </ClCompile>
    <ClCompile Include="RenderExample\012_MultiplePointLights.cpp">
      <Filter>RenderExample\old</Filter>
    </ClCompile>
    <ClCompile Include="RenderExample\013_OtherMultipleLights.cpp">
      <Filter>RenderExample\old</Filter>
    </ClCompile>
    <ClCompile Include="RenderExample\014_NormalMapping.cpp">
      <Filter>RenderExample\old</Filter>
    </ClCompile>
    <ClCompile Include="RenderExample\015_SpecularMapping.cpp">
      <Filter>RenderExample\old</Filter>
    </ClCompile>
    <ClCompile Include="RenderExample\016_BasicObjModel.cpp">
      <Filter>RenderExample\old</Filter>
    </ClCompile>
    <ClCompile Include="RenderExample\017_Framebuffer.cpp">
      <Filter>RenderExample\old</Filter>
    </ClCompile>
    <ClCompile Include="RenderExample\006_Multitexturing.cpp">
      <Filter>RenderExample\old</Filter>
    </ClCompile>
    <ClCompile Include="RenderDemo\001_PhongLighting.cpp">
      <Filter>RenderDemo</Filter>
    </ClCompile>
    <ClCompile Include="RenderDemo\002_PhongLightingTexture.cpp">
      <Filter>RenderDemo</Filter>
    </ClCompile>
  </ItemGroup>
  <ItemGroup>
    <ClInclude Include="stdafx.h" />
    <ClInclude Include="RenderExample\001_Triangle.h">
      <Filter>RenderExample</Filter>
    </ClInclude>
    <ClInclude Include="RenderExample\002_DynamicBuffer.h">
      <Filter>RenderExample</Filter>
    </ClInclude>
    <ClInclude Include="RenderExample\003_BufferMapping.h">
      <Filter>RenderExample</Filter>
    </ClInclude>
    <ClInclude Include="RenderExample\004_Quad.h">
      <Filter>RenderExample</Filter>
    </ClInclude>
    <ClInclude Include="RenderExample\005_BasicTexture.h">
      <Filter>RenderExample</Filter>
    </ClInclude>
    <ClInclude Include="RenderExample\007_LightMaps.h">
      <Filter>RenderExample\old</Filter>
    </ClInclude>
    <ClInclude Include="RenderExample\008_AlphaMapping.h">
      <Filter>RenderExample\old</Filter>
    </ClInclude>
    <ClInclude Include="RenderExample\009_DiffuseLighting.h">
      <Filter>RenderExample\old</Filter>
    </ClInclude>
    <ClInclude Include="RenderExample\010_AmbientLighting.h">
      <Filter>RenderExample\old</Filter>
    </ClInclude>
    <ClInclude Include="RenderExample\011_SpecularLighting.h">
      <Filter>RenderExample\old</Filter>
    </ClInclude>
    <ClInclude Include="RenderExample\012_MultiplePointLights.h">
      <Filter>RenderExample\old</Filter>
    </ClInclude>
    <ClInclude Include="RenderExample\013_OtherMultipleLights.h">
      <Filter>RenderExample\old</Filter>
    </ClInclude>
    <ClInclude Include="RenderExample\014_NormalMapping.h">
      <Filter>RenderExample\old</Filter>
    </ClInclude>
    <ClInclude Include="RenderExample\015_SpecularMapping.h">
      <Filter>RenderExample\old</Filter>
    </ClInclude>
    <ClInclude Include="RenderExample\016_BasicObjModel.h">
      <Filter>RenderExample\old</Filter>
    </ClInclude>
    <ClInclude Include="RenderExample\017_Framebuffer.h">
      <Filter>RenderExample\old</Filter>
    </ClInclude>
    <ClInclude Include="RenderExample\006_Multitexturing.h">
      <Filter>RenderExample\old</Filter>
    </ClInclude>
    <ClInclude Include="RenderDemo\001_PhongLighting.h">
      <Filter>RenderDemo</Filter>
    </ClInclude>
    <ClInclude Include="RenderDemo\002_PhongLightingTexture.h">
      <Filter>RenderDemo</Filter>
    </ClInclude>
  </ItemGroup>
  <ItemGroup>
    <Filter Include="RenderExample">
      <UniqueIdentifier>{a65151b8-5d72-4aa9-baa5-d855605a6549}</UniqueIdentifier>
    </Filter>
    <Filter Include="RenderExample\old">
      <UniqueIdentifier>{3cfc8668-6614-4c86-a50b-c41733121129}</UniqueIdentifier>
    </Filter>
    <Filter Include="RenderDemo">
      <UniqueIdentifier>{4550f62a-fe34-4cdd-b5b9-abc025796e10}</UniqueIdentifier>
    </Filter>
  </ItemGroup>
</Project>