<?xml version="1.0" encoding="utf-8"?>
<Project ToolsVersion="4.0" xmlns="http://schemas.microsoft.com/developer/msbuild/2003">
  <ItemGroup>
    <ClCompile Include="stdafx.cpp" />
    <ClCompile Include="Core\IO\ImageLoader.cpp">
      <Filter>Core\IO</Filter>
    </ClCompile>
    <ClCompile Include="Core\IO\FileSystem.cpp">
      <Filter>Core\IO</Filter>
    </ClCompile>
    <ClCompile Include="Core\Logging\Log.cpp">
      <Filter>Core\Logging</Filter>
    </ClCompile>
    <ClCompile Include="Core\Logging\LogSystem.cpp">
      <Filter>Core\Logging</Filter>
    </ClCompile>
    <ClCompile Include="Core\Geometry\BoundingAABB.cpp">
      <Filter>Core\Geometry</Filter>
    </ClCompile>
    <ClCompile Include="Platform\InputSystem.cpp">
      <Filter>Platform</Filter>
    </ClCompile>
    <ClCompile Include="Platform\Monitor.cpp">
      <Filter>Platform</Filter>
    </ClCompile>
    <ClCompile Include="Platform\WindowSystem.cpp">
      <Filter>Platform</Filter>
    </ClCompile>
    <ClCompile Include="RenderAPI\Capabilities.cpp">
      <Filter>RenderAPI</Filter>
    </ClCompile>
    <ClCompile Include="RenderAPI\OpenGLCore.cpp">
      <Filter>RenderAPI</Filter>
    </ClCompile>
    <ClCompile Include="RenderAPI\RenderResource.cpp">
      <Filter>RenderAPI</Filter>
    </ClCompile>
    <ClCompile Include="RenderAPI\RenderSystem.cpp">
      <Filter>RenderAPI</Filter>
    </ClCompile>
    <ClCompile Include="Graphics\DebugDraw.cpp">
      <Filter>Graphics</Filter>
    </ClCompile>
    <ClCompile Include="Graphics\GraphicsResource.cpp">
      <Filter>Graphics</Filter>
    </ClCompile>
    <ClCompile Include="Graphics\GraphicsSystem.cpp">
      <Filter>Graphics</Filter>
    </ClCompile>
    <ClCompile Include="World\Camera.cpp">
      <Filter>World</Filter>
    </ClCompile>
    <ClCompile Include="EngineApp\EngineDevice.cpp">
      <Filter>EngineApp</Filter>
    </ClCompile>
    <ClCompile Include="EngineApp\EngineTimestamp.cpp">
      <Filter>EngineApp</Filter>
    </ClCompile>
    <ClCompile Include="Core\Geometry\Collisions.cpp">
      <Filter>Core\Geometry\old</Filter>
    </ClCompile>
    <ClCompile Include="Core\Geometry\BoundingSphere.cpp">
      <Filter>Core\Geometry</Filter>
    </ClCompile>
    <ClCompile Include="Core\Geometry\BoundingFrustum.cpp">
      <Filter>Core\Geometry</Filter>
    </ClCompile>
    <ClCompile Include="Core\Geometry\Ray.cpp">
      <Filter>Core\Geometry</Filter>
    </ClCompile>
    <ClCompile Include="Core\Geometry\Plane.cpp">
      <Filter>Core\Geometry</Filter>
    </ClCompile>
    <ClCompile Include="Core\Geometry\Intersect.cpp">
      <Filter>Core\Geometry</Filter>
    </ClCompile>
    <ClCompile Include="Physics\PhysicsSystem.cpp">
      <Filter>Physics</Filter>
    </ClCompile>
    <ClCompile Include="Core\Geometry\Triangle.cpp">
      <Filter>Core\Geometry</Filter>
    </ClCompile>
    <ClCompile Include="RenderAPI\OpenGLExtensions.cpp">
      <Filter>RenderAPI</Filter>
    </ClCompile>
    <ClCompile Include="RenderAPI\RenderSystem_Shader.cpp">
      <Filter>RenderAPI</Filter>
    </ClCompile>
    <ClCompile Include="RenderAPI\RenderSystem_Buffer.cpp">
      <Filter>RenderAPI</Filter>
    </ClCompile>
    <ClCompile Include="RenderAPI\RenderSystem_State.cpp">
      <Filter>RenderAPI</Filter>
    </ClCompile>
    <ClCompile Include="Core\Geometry\Rect.cpp">
      <Filter>Core\Geometry</Filter>
    </ClCompile>
    <ClCompile Include="Core\Geometry\Polyhedron.cpp">
      <Filter>Core\Geometry</Filter>
    </ClCompile>
    <ClCompile Include="Scene\Node.cpp">
      <Filter>Scene</Filter>
    </ClCompile>
    <ClCompile Include="Core\Utilities\StringUtilities.cpp">
      <Filter>Core\Utilities</Filter>
    </ClCompile>
    <ClCompile Include="Core\IO\StringHash.cpp">
      <Filter>Core\IO</Filter>
    </ClCompile>
    <ClCompile Include="Core\IO\Stream.cpp">
      <Filter>Core\IO</Filter>
    </ClCompile>
    <ClCompile Include="Core\IO\JSONValue.cpp">
      <Filter>Core\IO</Filter>
    </ClCompile>
    <ClCompile Include="Core\IO\ResourceRef.cpp">
      <Filter>Core\IO</Filter>
    </ClCompile>
    <ClCompile Include="Core\Object\Object.cpp">
      <Filter>Core\Object</Filter>
    </ClCompile>
    <ClCompile Include="Core\IO\File.cpp">
      <Filter>Core\IO</Filter>
    </ClCompile>
    <ClCompile Include="Core\Object\Serializable.cpp">
      <Filter>Core\Object</Filter>
    </ClCompile>
    <ClCompile Include="Core\Object\Allocator.cpp">
      <Filter>Core\Object</Filter>
    </ClCompile>
    <ClCompile Include="Core\Object\Ptr.cpp">
      <Filter>Core\Object</Filter>
    </ClCompile>
    <ClCompile Include="Core\Object\Event.cpp">
      <Filter>Core\Object</Filter>
    </ClCompile>
    <ClCompile Include="Core\Object\Attribute.cpp">
      <Filter>Core\Object</Filter>
    </ClCompile>
    <ClCompile Include="Core\Geometry\IntBox.cpp">
      <Filter>Core\Geometry</Filter>
    </ClCompile>
    <ClCompile Include="Core\Math\Color.cpp">
      <Filter>Core\Math</Filter>
    </ClCompile>
    <ClCompile Include="Core\Object\ObjectResolver.cpp">
      <Filter>Core\Object</Filter>
    </ClCompile>
    <ClCompile Include="Core\IO\MemoryBuffer.cpp">
      <Filter>Core\IO</Filter>
    </ClCompile>
    <ClCompile Include="Core\IO\VectorBuffer.cpp">
      <Filter>Core\IO</Filter>
    </ClCompile>
    <ClCompile Include="Core\Resource\Resource.cpp">
      <Filter>Core\Resource</Filter>
    </ClCompile>
    <ClCompile Include="Core\Resource\JSONFile.cpp">
      <Filter>Core\Resource</Filter>
    </ClCompile>
    <ClCompile Include="Core\Resource\Image.cpp">
      <Filter>Core\Resource</Filter>
    </ClCompile>
    <ClCompile Include="Core\Resource\Decompress.cpp">
      <Filter>Core\Resource</Filter>
    </ClCompile>
    <ClCompile Include="Core\Resource\ResourceCache.cpp">
      <Filter>Core\Resource</Filter>
    </ClCompile>
  </ItemGroup>
  <ItemGroup>
    <ClInclude Include="stdafx.h" />
    <ClInclude Include="EngineConfiguration.h" />
    <ClInclude Include="TinyEngine.h" />
    <ClInclude Include="Core\Base\PlatformMacros.h">
      <Filter>Core\Base</Filter>
    </ClInclude>
    <ClInclude Include="Core\Base\BaseFunc.h">
      <Filter>Core\Base</Filter>
    </ClInclude>
    <ClInclude Include="Core\Base\BaseMacros.h">
      <Filter>Core\Base</Filter>
    </ClInclude>
    <ClInclude Include="Core\Base\DebugNew.h">
      <Filter>Core\Base</Filter>
    </ClInclude>
    <ClInclude Include="Core\IO\FileSystem.h">
      <Filter>Core\IO</Filter>
    </ClInclude>
    <ClInclude Include="Core\IO\ImageLoader.h">
      <Filter>Core\IO</Filter>
    </ClInclude>
    <ClInclude Include="Core\Logging\LogSystem.h">
      <Filter>Core\Logging</Filter>
    </ClInclude>
    <ClInclude Include="Core\Logging\Log.h">
      <Filter>Core\Logging</Filter>
    </ClInclude>
    <ClInclude Include="Core\Math\Transform.h">
      <Filter>Core\Math</Filter>
    </ClInclude>
    <ClInclude Include="Core\Math\Color.h">
      <Filter>Core\Math</Filter>
    </ClInclude>
    <ClInclude Include="Core\Math\MathCoreFunc.h">
      <Filter>Core\Math</Filter>
    </ClInclude>
    <ClInclude Include="Core\Geometry\BoundingAABB.h">
      <Filter>Core\Geometry</Filter>
    </ClInclude>
    <ClInclude Include="Platform\WindowSystem.h">
      <Filter>Platform</Filter>
    </ClInclude>
    <ClInclude Include="Platform\InputSystem.h">
      <Filter>Platform</Filter>
    </ClInclude>
    <ClInclude Include="Platform\Monitor.h">
      <Filter>Platform</Filter>
    </ClInclude>
    <ClInclude Include="RenderAPI\Capabilities.h">
      <Filter>RenderAPI</Filter>
    </ClInclude>
    <ClInclude Include="RenderAPI\OpenGLCore.h">
      <Filter>RenderAPI</Filter>
    </ClInclude>
    <ClInclude Include="RenderAPI\RenderEnums.h">
      <Filter>RenderAPI</Filter>
    </ClInclude>
    <ClInclude Include="RenderAPI\RenderResource.h">
      <Filter>RenderAPI</Filter>
    </ClInclude>
    <ClInclude Include="RenderAPI\RenderSystem.h">
      <Filter>RenderAPI</Filter>
    </ClInclude>
    <ClInclude Include="Graphics\GraphicsSystem.h">
      <Filter>Graphics</Filter>
    </ClInclude>
    <ClInclude Include="Graphics\DebugDraw.h">
      <Filter>Graphics</Filter>
    </ClInclude>
    <ClInclude Include="Graphics\GraphicsResource.h">
      <Filter>Graphics</Filter>
    </ClInclude>
    <ClInclude Include="World\Camera.h">
      <Filter>World</Filter>
    </ClInclude>
    <ClInclude Include="EngineApp\IApp.h">
      <Filter>EngineApp</Filter>
    </ClInclude>
    <ClInclude Include="EngineApp\EngineDevice.h">
      <Filter>EngineApp</Filter>
    </ClInclude>
    <ClInclude Include="EngineApp\EngineTimestamp.h">
      <Filter>EngineApp</Filter>
    </ClInclude>
    <ClInclude Include="Core\Geometry\Collisions.h">
      <Filter>Core\Geometry\old</Filter>
    </ClInclude>
    <ClInclude Include="Core\Geometry\GeometryShapes.h">
      <Filter>Core\Geometry\old</Filter>
    </ClInclude>
    <ClInclude Include="Core\Geometry\GJK.h">
      <Filter>Core\Geometry\old</Filter>
    </ClInclude>
    <ClInclude Include="Core\Geometry\Temp.h">
      <Filter>Core\Geometry\old</Filter>
    </ClInclude>
    <ClInclude Include="Core\Geometry\BoundingSphere.h">
      <Filter>Core\Geometry</Filter>
    </ClInclude>
    <ClInclude Include="Core\Geometry\BoundingFrustum.h">
      <Filter>Core\Geometry</Filter>
    </ClInclude>
    <ClInclude Include="Core\Geometry\Ray.h">
      <Filter>Core\Geometry</Filter>
    </ClInclude>
    <ClInclude Include="Core\Geometry\Plane.h">
      <Filter>Core\Geometry</Filter>
    </ClInclude>
    <ClInclude Include="Core\Geometry\GeometryCore.h">
      <Filter>Core\Geometry</Filter>
    </ClInclude>
    <ClInclude Include="Core\Geometry\Intersect.h">
      <Filter>Core\Geometry</Filter>
    </ClInclude>
    <ClInclude Include="Physics\PhysicsSystem.h">
      <Filter>Physics</Filter>
    </ClInclude>
    <ClInclude Include="Core\Utilities\CoreUtilities.h">
      <Filter>Core\Utilities</Filter>
    </ClInclude>
    <ClInclude Include="Core\Geometry\Triangle.h">
      <Filter>Core\Geometry</Filter>
    </ClInclude>
    <ClInclude Include="RenderAPI\OpenGLExtensions.h">
      <Filter>RenderAPI</Filter>
    </ClInclude>
    <ClInclude Include="RenderAPI\OpenGLTranslateToGL.h">
      <Filter>RenderAPI</Filter>
    </ClInclude>
    <ClInclude Include="Core\Geometry\Rect.h">
      <Filter>Core\Geometry</Filter>
    </ClInclude>
    <ClInclude Include="Core\Geometry\Polyhedron.h">
      <Filter>Core\Geometry</Filter>
    </ClInclude>
    <ClInclude Include="Scene\Node.h">
      <Filter>Scene</Filter>
    </ClInclude>
    <ClInclude Include="Core\Utilities\StringUtilities.h">
      <Filter>Core\Utilities</Filter>
    </ClInclude>
    <ClInclude Include="Core\IO\StringHash.h">
      <Filter>Core\IO</Filter>
    </ClInclude>
    <ClInclude Include="Core\IO\Stream.h">
      <Filter>Core\IO</Filter>
    </ClInclude>
    <ClInclude Include="Core\IO\JSONValue.h">
      <Filter>Core\IO</Filter>
    </ClInclude>
    <ClInclude Include="Core\IO\ResourceRef.h">
      <Filter>Core\IO</Filter>
    </ClInclude>
    <ClInclude Include="Core\IO\ObjectRef.h">
      <Filter>Core\IO</Filter>
    </ClInclude>
    <ClInclude Include="Core\Object\Object.h">
      <Filter>Core\Object</Filter>
    </ClInclude>
    <ClInclude Include="Core\Object\AutoPtr.h">
      <Filter>Core\Object</Filter>
    </ClInclude>
    <ClInclude Include="Core\IO\File.h">
      <Filter>Core\IO</Filter>
    </ClInclude>
    <ClInclude Include="Core\Object\Serializable.h">
      <Filter>Core\Object</Filter>
    </ClInclude>
    <ClInclude Include="Core\Object\Allocator.h">
      <Filter>Core\Object</Filter>
    </ClInclude>
    <ClInclude Include="Core\Object\Ptr.h">
      <Filter>Core\Object</Filter>
    </ClInclude>
    <ClInclude Include="Core\Object\Event.h">
      <Filter>Core\Object</Filter>
    </ClInclude>
    <ClInclude Include="Core\Object\Attribute.h">
      <Filter>Core\Object</Filter>
    </ClInclude>
    <ClInclude Include="Core\Geometry\IntBox.h">
      <Filter>Core\Geometry</Filter>
    </ClInclude>
    <ClInclude Include="Core\Object\ObjectResolver.h">
      <Filter>Core\Object</Filter>
    </ClInclude>
    <ClInclude Include="Core\IO\MemoryBuffer.h">
      <Filter>Core\IO</Filter>
    </ClInclude>
    <ClInclude Include="Core\IO\VectorBuffer.h">
      <Filter>Core\IO</Filter>
    </ClInclude>
    <ClInclude Include="Core\Resource\Resource.h">
      <Filter>Core\Resource</Filter>
    </ClInclude>
    <ClInclude Include="Core\Resource\JSONFile.h">
      <Filter>Core\Resource</Filter>
    </ClInclude>
    <ClInclude Include="Core\Resource\Image.h">
      <Filter>Core\Resource</Filter>
    </ClInclude>
    <ClInclude Include="Core\Resource\Decompress.h">
      <Filter>Core\Resource</Filter>
    </ClInclude>
    <ClInclude Include="Core\Resource\ResourceCache.h">
      <Filter>Core\Resource</Filter>
    </ClInclude>
  </ItemGroup>
  <ItemGroup>
    <Filter Include="Core">
      <UniqueIdentifier>{6159d1ac-8ea5-4a28-84fe-09cddfdded08}</UniqueIdentifier>
    </Filter>
    <Filter Include="RenderAPI">
      <UniqueIdentifier>{b36fa40b-183a-4004-8afd-d35a52124126}</UniqueIdentifier>
    </Filter>
    <Filter Include="Graphics">
      <UniqueIdentifier>{1cb1f8bf-8e20-406d-b837-b752439bf257}</UniqueIdentifier>
    </Filter>
    <Filter Include="Core\Base">
      <UniqueIdentifier>{790d1004-3233-4c0f-90c0-0d920a5553c4}</UniqueIdentifier>
    </Filter>
    <Filter Include="Core\IO">
      <UniqueIdentifier>{76c104e4-6468-4944-ba5d-19ade1ff9766}</UniqueIdentifier>
    </Filter>
    <Filter Include="Core\Logging">
      <UniqueIdentifier>{7942aaa1-5c3e-4341-85e5-197f6e58eb38}</UniqueIdentifier>
    </Filter>
    <Filter Include="Core\Utilities">
      <UniqueIdentifier>{2d05c1a6-c05f-4487-b0c0-987f202348cc}</UniqueIdentifier>
    </Filter>
    <Filter Include="EngineApp">
      <UniqueIdentifier>{b1ba09fd-6b08-4eed-a7b8-9351dc4d300f}</UniqueIdentifier>
    </Filter>
    <Filter Include="Core\Math">
      <UniqueIdentifier>{7e329fc1-960f-4880-8351-6b63a0b6afe2}</UniqueIdentifier>
    </Filter>
    <Filter Include="Platform">
      <UniqueIdentifier>{c8d3700f-6525-41b4-81f3-2062323e5652}</UniqueIdentifier>
    </Filter>
    <Filter Include="World">
      <UniqueIdentifier>{3a6f6144-7aa6-4144-9d81-6c05e5dca237}</UniqueIdentifier>
    </Filter>
    <Filter Include="Core\Geometry">
      <UniqueIdentifier>{3cd8c3ae-3984-4699-bcbd-589f054d1fba}</UniqueIdentifier>
    </Filter>
    <Filter Include="Core\Containers">
      <UniqueIdentifier>{84132ed2-5eb3-4a8f-8dfb-f018f64a2341}</UniqueIdentifier>
    </Filter>
    <Filter Include="Core\Debug">
      <UniqueIdentifier>{12d5a640-6179-46cc-8b35-035ca8fac904}</UniqueIdentifier>
    </Filter>
    <Filter Include="Core\Geometry\old">
      <UniqueIdentifier>{42176c97-4270-422e-bc7e-470b059f0822}</UniqueIdentifier>
    </Filter>
    <Filter Include="Physics">
      <UniqueIdentifier>{ef016039-d78e-46f2-a0f5-8fad53db01c4}</UniqueIdentifier>
    </Filter>
    <Filter Include="Core\Pattern">
      <UniqueIdentifier>{4752e7b3-adeb-471e-b109-21a7f25ae89e}</UniqueIdentifier>
    </Filter>
    <Filter Include="Scene">
      <UniqueIdentifier>{fb90c67e-42ef-4cfe-92fa-7b0f4fedb094}</UniqueIdentifier>
    </Filter>
    <Filter Include="Core\Object">
      <UniqueIdentifier>{354e2f57-fd10-4543-804e-14af23b84841}</UniqueIdentifier>
    </Filter>
    <Filter Include="Core\Resource">
      <UniqueIdentifier>{2a8c4f6e-d82c-4dd6-bfd2-2449dd48662f}</UniqueIdentifier>
    </Filter>
  </ItemGroup>
  <ItemGroup>
    <None Include="Core\Geometry\Collisions.inl">
      <Filter>Core\Geometry\old</Filter>
    </None>
    <None Include="Core\Geometry\Intersect.inl">
      <Filter>Core\Geometry</Filter>
    </None>
  </ItemGroup>
</Project>