<?xml version="1.0" encoding="utf-8"?>
<Project ToolsVersion="4.0" xmlns="http://schemas.microsoft.com/developer/msbuild/2003">
  <ItemGroup>
    <ClCompile Include="stdafx.cpp" />
    <ClCompile Include="Core\IO\STBImageLoader.cpp">
      <Filter>Core\IO</Filter>
    </ClCompile>
    <ClCompile Include="Core\IO\FileSystem.cpp">
      <Filter>Core\IO</Filter>
    </ClCompile>
    <ClCompile Include="Core\Logging\Log.cpp">
      <Filter>Core\Logging</Filter>
    </ClCompile>
    <ClCompile Include="Core\Logging\LogSystem.cpp">
      <Filter>Core\Logging</Filter>
    </ClCompile>
    <ClCompile Include="Core\Geometry\BoundingAABB.cpp">
      <Filter>Core\Geometry</Filter>
    </ClCompile>
    <ClCompile Include="Platform\InputSystem.cpp">
      <Filter>Platform</Filter>
    </ClCompile>
    <ClCompile Include="Platform\Monitor.cpp">
      <Filter>Platform</Filter>
    </ClCompile>
    <ClCompile Include="Platform\WindowSystem.cpp">
      <Filter>Platform</Filter>
    </ClCompile>
    <ClCompile Include="RenderAPI\Capabilities.cpp">
      <Filter>RenderAPI</Filter>
    </ClCompile>
    <ClCompile Include="RenderAPI\OpenGLUtil.cpp">
      <Filter>RenderAPI</Filter>
    </ClCompile>
    <ClCompile Include="RenderAPI\RenderResource.cpp">
      <Filter>RenderAPI</Filter>
    </ClCompile>
    <ClCompile Include="RenderAPI\RenderSystem.cpp">
      <Filter>RenderAPI</Filter>
    </ClCompile>
    <ClCompile Include="Graphics\DebugDraw.cpp">
      <Filter>Graphics</Filter>
    </ClCompile>
    <ClCompile Include="Graphics\GraphicsResource.cpp">
      <Filter>Graphics</Filter>
    </ClCompile>
    <ClCompile Include="Graphics\GraphicsSystem.cpp">
      <Filter>Graphics</Filter>
    </ClCompile>
    <ClCompile Include="World\Camera.cpp">
      <Filter>World</Filter>
    </ClCompile>
    <ClCompile Include="EngineApp\EngineDevice.cpp">
      <Filter>EngineApp</Filter>
    </ClCompile>
    <ClCompile Include="EngineApp\EngineTimestamp.cpp">
      <Filter>EngineApp</Filter>
    </ClCompile>
    <ClCompile Include="Core\Geometry\Collisions.cpp">
      <Filter>Core\Geometry\old</Filter>
    </ClCompile>
    <ClCompile Include="Core\Geometry\BoundingSphere.cpp">
      <Filter>Core\Geometry</Filter>
    </ClCompile>
    <ClCompile Include="Core\Geometry\BoundingFrustum.cpp">
      <Filter>Core\Geometry</Filter>
    </ClCompile>
    <ClCompile Include="Core\Geometry\Ray.cpp">
      <Filter>Core\Geometry</Filter>
    </ClCompile>
    <ClCompile Include="Core\Geometry\Plane.cpp">
      <Filter>Core\Geometry</Filter>
    </ClCompile>
  </ItemGroup>
  <ItemGroup>
    <ClInclude Include="stdafx.h" />
    <ClInclude Include="EngineConfiguration.h" />
    <ClInclude Include="TinyEngine.h" />
    <ClInclude Include="CoreUtilities.h">
      <Filter>Core\Utilities</Filter>
    </ClInclude>
    <ClInclude Include="Core\Base\PlatformMacros.h">
      <Filter>Core\Base</Filter>
    </ClInclude>
    <ClInclude Include="Core\Base\BaseFunc.h">
      <Filter>Core\Base</Filter>
    </ClInclude>
    <ClInclude Include="Core\Base\BaseMacros.h">
      <Filter>Core\Base</Filter>
    </ClInclude>
    <ClInclude Include="Core\Base\DebugNew.h">
      <Filter>Core\Base</Filter>
    </ClInclude>
    <ClInclude Include="Core\IO\FileSystem.h">
      <Filter>Core\IO</Filter>
    </ClInclude>
    <ClInclude Include="Core\IO\STBImageLoader.h">
      <Filter>Core\IO</Filter>
    </ClInclude>
    <ClInclude Include="Core\Logging\LogSystem.h">
      <Filter>Core\Logging</Filter>
    </ClInclude>
    <ClInclude Include="Core\Logging\Log.h">
      <Filter>Core\Logging</Filter>
    </ClInclude>
    <ClInclude Include="Core\Math\Transform.h">
      <Filter>Core\Math</Filter>
    </ClInclude>
    <ClInclude Include="Core\Math\Color.h">
      <Filter>Core\Math</Filter>
    </ClInclude>
    <ClInclude Include="Core\Math\MathCoreFunc.h">
      <Filter>Core\Math</Filter>
    </ClInclude>
    <ClInclude Include="Core\Geometry\BoundingAABB.h">
      <Filter>Core\Geometry</Filter>
    </ClInclude>
    <ClInclude Include="Platform\WindowSystem.h">
      <Filter>Platform</Filter>
    </ClInclude>
    <ClInclude Include="Platform\InputSystem.h">
      <Filter>Platform</Filter>
    </ClInclude>
    <ClInclude Include="Platform\Monitor.h">
      <Filter>Platform</Filter>
    </ClInclude>
    <ClInclude Include="RenderAPI\TranslateToGL.h">
      <Filter>RenderAPI</Filter>
    </ClInclude>
    <ClInclude Include="RenderAPI\Capabilities.h">
      <Filter>RenderAPI</Filter>
    </ClInclude>
    <ClInclude Include="RenderAPI\OpenGLUtil.h">
      <Filter>RenderAPI</Filter>
    </ClInclude>
    <ClInclude Include="RenderAPI\RenderEnums.h">
      <Filter>RenderAPI</Filter>
    </ClInclude>
    <ClInclude Include="RenderAPI\RenderResource.h">
      <Filter>RenderAPI</Filter>
    </ClInclude>
    <ClInclude Include="RenderAPI\RenderSystem.h">
      <Filter>RenderAPI</Filter>
    </ClInclude>
    <ClInclude Include="Graphics\GraphicsSystem.h">
      <Filter>Graphics</Filter>
    </ClInclude>
    <ClInclude Include="Graphics\DebugDraw.h">
      <Filter>Graphics</Filter>
    </ClInclude>
    <ClInclude Include="Graphics\GraphicsResource.h">
      <Filter>Graphics</Filter>
    </ClInclude>
    <ClInclude Include="World\Camera.h">
      <Filter>World</Filter>
    </ClInclude>
    <ClInclude Include="EngineApp\IApp.h">
      <Filter>EngineApp</Filter>
    </ClInclude>
    <ClInclude Include="EngineApp\EngineDevice.h">
      <Filter>EngineApp</Filter>
    </ClInclude>
    <ClInclude Include="EngineApp\EngineTimestamp.h">
      <Filter>EngineApp</Filter>
    </ClInclude>
    <ClInclude Include="Core\Geometry\AABB.h">
      <Filter>Core\Geometry\old</Filter>
    </ClInclude>
    <ClInclude Include="Core\Geometry\Collisions.h">
      <Filter>Core\Geometry\old</Filter>
    </ClInclude>
    <ClInclude Include="Core\Geometry\GeometryShapes.h">
      <Filter>Core\Geometry\old</Filter>
    </ClInclude>
    <ClInclude Include="Core\Geometry\GJK.h">
      <Filter>Core\Geometry\old</Filter>
    </ClInclude>
    <ClInclude Include="Core\Geometry\Sphere.h">
      <Filter>Core\Geometry\old</Filter>
    </ClInclude>
    <ClInclude Include="Core\Geometry\Temp.h">
      <Filter>Core\Geometry\old</Filter>
    </ClInclude>
    <ClInclude Include="Core\Geometry\BoundingSphere.h">
      <Filter>Core\Geometry</Filter>
    </ClInclude>
    <ClInclude Include="Core\Geometry\BoundingFrustum.h">
      <Filter>Core\Geometry</Filter>
    </ClInclude>
    <ClInclude Include="Core\Geometry\Ray.h">
      <Filter>Core\Geometry</Filter>
    </ClInclude>
    <ClInclude Include="Core\Geometry\Plane.h">
      <Filter>Core\Geometry</Filter>
    </ClInclude>
    <ClInclude Include="Core\Geometry\GeometryCore.h">
      <Filter>Core\Geometry</Filter>
    </ClInclude>
  </ItemGroup>
  <ItemGroup>
    <Filter Include="Core">
      <UniqueIdentifier>{6159d1ac-8ea5-4a28-84fe-09cddfdded08}</UniqueIdentifier>
    </Filter>
    <Filter Include="RenderAPI">
      <UniqueIdentifier>{b36fa40b-183a-4004-8afd-d35a52124126}</UniqueIdentifier>
    </Filter>
    <Filter Include="Graphics">
      <UniqueIdentifier>{1cb1f8bf-8e20-406d-b837-b752439bf257}</UniqueIdentifier>
    </Filter>
    <Filter Include="Resource">
      <UniqueIdentifier>{2a8c4f6e-d82c-4dd6-bfd2-2449dd48662f}</UniqueIdentifier>
    </Filter>
    <Filter Include="Core\Base">
      <UniqueIdentifier>{790d1004-3233-4c0f-90c0-0d920a5553c4}</UniqueIdentifier>
    </Filter>
    <Filter Include="Core\IO">
      <UniqueIdentifier>{76c104e4-6468-4944-ba5d-19ade1ff9766}</UniqueIdentifier>
    </Filter>
    <Filter Include="Core\Logging">
      <UniqueIdentifier>{7942aaa1-5c3e-4341-85e5-197f6e58eb38}</UniqueIdentifier>
    </Filter>
    <Filter Include="Core\Utilities">
      <UniqueIdentifier>{2d05c1a6-c05f-4487-b0c0-987f202348cc}</UniqueIdentifier>
    </Filter>
    <Filter Include="EngineApp">
      <UniqueIdentifier>{b1ba09fd-6b08-4eed-a7b8-9351dc4d300f}</UniqueIdentifier>
    </Filter>
    <Filter Include="Core\Math">
      <UniqueIdentifier>{7e329fc1-960f-4880-8351-6b63a0b6afe2}</UniqueIdentifier>
    </Filter>
    <Filter Include="Platform">
      <UniqueIdentifier>{c8d3700f-6525-41b4-81f3-2062323e5652}</UniqueIdentifier>
    </Filter>
    <Filter Include="World">
      <UniqueIdentifier>{3a6f6144-7aa6-4144-9d81-6c05e5dca237}</UniqueIdentifier>
    </Filter>
    <Filter Include="Core\Geometry">
      <UniqueIdentifier>{3cd8c3ae-3984-4699-bcbd-589f054d1fba}</UniqueIdentifier>
    </Filter>
    <Filter Include="Core\Containers">
      <UniqueIdentifier>{84132ed2-5eb3-4a8f-8dfb-f018f64a2341}</UniqueIdentifier>
    </Filter>
    <Filter Include="Core\Debug">
      <UniqueIdentifier>{12d5a640-6179-46cc-8b35-035ca8fac904}</UniqueIdentifier>
    </Filter>
    <Filter Include="Core\Geometry\old">
      <UniqueIdentifier>{42176c97-4270-422e-bc7e-470b059f0822}</UniqueIdentifier>
    </Filter>
  </ItemGroup>
  <ItemGroup>
    <None Include="Core\Geometry\Collisions.inl">
      <Filter>Core\Geometry\old</Filter>
    </None>
  </ItemGroup>
</Project>